
Microsoft Visual Studio Solution File, Format Version 12.00
# Visual Studio Version 17
VisualStudioVersion = 17.10.35027.167
MinimumVisualStudioVersion = 10.0.40219.1
Project("{FAE04EC0-301F-11D3-BF4B-00C04F79EFBC}") = "Todo_App", "Todo_App.csproj", "{A3B8E6FE-6033-4B42-90A1-F28197EAF6F5}"
EndProject
Global
	GlobalSection(SolutionConfigurationPlatforms) = preSolution
		Debug|Any CPU = Debug|Any CPU
		Release|Any CPU = Release|Any CPU
	EndGlobalSection
	GlobalSection(ProjectConfigurationPlatforms) = postSolution
		{A3B8E6FE-6033-4B42-90A1-F28197EAF6F5}.Debug|Any CPU.ActiveCfg = Debug|Any CPU
		{A3B8E6FE-6033-4B42-90A1-F28197EAF6F5}.Debug|Any CPU.Build.0 = Debug|Any CPU
		{A3B8E6FE-6033-4B42-90A1-F28197EAF6F5}.Release|Any CPU.ActiveCfg = Release|Any CPU
		{A3B8E6FE-6033-4B42-90A1-F28197EAF6F5}.Release|Any CPU.Build.0 = Release|Any CPU
	EndGlobalSection
	GlobalSection(SolutionProperties) = preSolution
		HideSolutionNode = FALSE
	EndGlobalSection
	GlobalSection(ExtensibilityGlobals) = postSolution
		SolutionGuid = {0F1F376B-5E1B-43FE-A598-D4694E3AE1E6}
	EndGlobalSection
EndGlobal
